// !$*UTF8*$!
{
	archiveVersion = 1;
	classes = {
	};
	objectVersion = 55;
	objects = {

/* Begin PBXBuildFile section */
		67CCAB3827FE95C100F3B156 /* test01App.swift in Sources */ = {isa = PBXBuildFile; fileRef = 67CCAB3727FE95C100F3B156 /* test01App.swift */; };
		67CCAB3A27FE95C100F3B156 /* ContentView.swift in Sources */ = {isa = PBXBuildFile; fileRef = 67CCAB3927FE95C100F3B156 /* ContentView.swift */; };
		67CCAB3C27FE95C100F3B156 /* Assets.xcassets in Resources */ = {isa = PBXBuildFile; fileRef = 67CCAB3B27FE95C100F3B156 /* Assets.xcassets */; };
		67CCAB3F27FE95C100F3B156 /* Preview Assets.xcassets in Resources */ = {isa = PBXBuildFile; fileRef = 67CCAB3E27FE95C100F3B156 /* Preview Assets.xcassets */; };
		67CCAB4127FE95C100F3B156 /* Persistence.swift in Sources */ = {isa = PBXBuildFile; fileRef = 67CCAB4027FE95C100F3B156 /* Persistence.swift */; };
		67CCAB4427FE95C100F3B156 /* test01.xcdatamodeld in Sources */ = {isa = PBXBuildFile; fileRef = 67CCAB4227FE95C100F3B156 /* test01.xcdatamodeld */; };
		67CCAB4E27FE95C100F3B156 /* test01Tests.swift in Sources */ = {isa = PBXBuildFile; fileRef = 67CCAB4D27FE95C100F3B156 /* test01Tests.swift */; };
		67CCAB5827FE95C100F3B156 /* test01UITests.swift in Sources */ = {isa = PBXBuildFile; fileRef = 67CCAB5727FE95C100F3B156 /* test01UITests.swift */; };
		67CCAB5A27FE95C100F3B156 /* test01UITestsLaunchTests.swift in Sources */ = {isa = PBXBuildFile; fileRef = 67CCAB5927FE95C100F3B156 /* test01UITestsLaunchTests.swift */; };
/* End PBXBuildFile section */

/* Begin PBXContainerItemProxy section */
		67CCAB4A27FE95C100F3B156 /* PBXContainerItemProxy */ = {
			isa = PBXContainerItemProxy;
			containerPortal = 67CCAB2C27FE95C100F3B156 /* Project object */;
			proxyType = 1;
			remoteGlobalIDString = 67CCAB3327FE95C100F3B156;
			remoteInfo = test01;
		};
		67CCAB5427FE95C100F3B156 /* PBXContainerItemProxy */ = {
			isa = PBXContainerItemProxy;
			containerPortal = 67CCAB2C27FE95C100F3B156 /* Project object */;
			proxyType = 1;
			remoteGlobalIDString = 67CCAB3327FE95C100F3B156;
			remoteInfo = test01;
		};
/* End PBXContainerItemProxy section */

/* Begin PBXFileReference section */
		67CCAB3427FE95C100F3B156 /* test01.app */ = {isa = PBXFileReference; explicitFileType = wrapper.application; includeInIndex = 0; path = test01.app; sourceTree = BUILT_PRODUCTS_DIR; };
		67CCAB3727FE95C100F3B156 /* test01App.swift */ = {isa = PBXFileReference; lastKnownFileType = sourcecode.swift; path = test01App.swift; sourceTree = "<group>"; };
		67CCAB3927FE95C100F3B156 /* ContentView.swift */ = {isa = PBXFileReference; lastKnownFileType = sourcecode.swift; path = ContentView.swift; sourceTree = "<group>"; };
		67CCAB3B27FE95C100F3B156 /* Assets.xcassets */ = {isa = PBXFileReference; lastKnownFileType = folder.assetcatalog; path = Assets.xcassets; sourceTree = "<group>"; };
		67CCAB3E27FE95C100F3B156 /* Preview Assets.xcassets */ = {isa = PBXFileReference; lastKnownFileType = folder.assetcatalog; path = "Preview Assets.xcassets"; sourceTree = "<group>"; };
		67CCAB4027FE95C100F3B156 /* Persistence.swift */ = {isa = PBXFileReference; lastKnownFileType = sourcecode.swift; path = Persistence.swift; sourceTree = "<group>"; };
		67CCAB4327FE95C100F3B156 /* test01.xcdatamodel */ = {isa = PBXFileReference; lastKnownFileType = wrapper.xcdatamodel; path = test01.xcdatamodel; sourceTree = "<group>"; };
		67CCAB4927FE95C100F3B156 /* test01Tests.xctest */ = {isa = PBXFileReference; explicitFileType = wrapper.cfbundle; includeInIndex = 0; path = test01Tests.xctest; sourceTree = BUILT_PRODUCTS_DIR; };
		67CCAB4D27FE95C100F3B156 /* test01Tests.swift */ = {isa = PBXFileReference; lastKnownFileType = sourcecode.swift; path = test01Tests.swift; sourceTree = "<group>"; };
		67CCAB5327FE95C100F3B156 /* test01UITests.xctest */ = {isa = PBXFileReference; explicitFileType = wrapper.cfbundle; includeInIndex = 0; path = test01UITests.xctest; sourceTree = BUILT_PRODUCTS_DIR; };
		67CCAB5727FE95C100F3B156 /* test01UITests.swift */ = {isa = PBXFileReference; lastKnownFileType = sourcecode.swift; path = test01UITests.swift; sourceTree = "<group>"; };
		67CCAB5927FE95C100F3B156 /* test01UITestsLaunchTests.swift */ = {isa = PBXFileReference; lastKnownFileType = sourcecode.swift; path = test01UITestsLaunchTests.swift; sourceTree = "<group>"; };
/* End PBXFileReference section */

/* Begin PBXFrameworksBuildPhase section */
		67CCAB3127FE95C100F3B156 /* Frameworks */ = {
			isa = PBXFrameworksBuildPhase;
			buildActionMask = 2147483647;
			files = (
			);
			runOnlyForDeploymentPostprocessing = 0;
		};
		67CCAB4627FE95C100F3B156 /* Frameworks */ = {
			isa = PBXFrameworksBuildPhase;
			buildActionMask = 2147483647;
			files = (
			);
			runOnlyForDeploymentPostprocessing = 0;
		};
		67CCAB5027FE95C100F3B156 /* Frameworks */ = {
			isa = PBXFrameworksBuildPhase;
			buildActionMask = 2147483647;
			files = (
			);
			runOnlyForDeploymentPostprocessing = 0;
		};
/* End PBXFrameworksBuildPhase section */

/* Begin PBXGroup section */
		67CCAB2B27FE95C100F3B156 = {
			isa = PBXGroup;
			children = (
				67CCAB3627FE95C100F3B156 /* test01 */,
				67CCAB4C27FE95C100F3B156 /* test01Tests */,
				67CCAB5627FE95C100F3B156 /* test01UITests */,
				67CCAB3527FE95C100F3B156 /* Products */,
			);
			sourceTree = "<group>";
		};
		67CCAB3527FE95C100F3B156 /* Products */ = {
			isa = PBXGroup;
			children = (
				67CCAB3427FE95C100F3B156 /* test01.app */,
				67CCAB4927FE95C100F3B156 /* test01Tests.xctest */,
				67CCAB5327FE95C100F3B156 /* test01UITests.xctest */,
			);
			name = Products;
			sourceTree = "<group>";
		};
		67CCAB3627FE95C100F3B156 /* test01 */ = {
			isa = PBXGroup;
			children = (
				67CCAB3727FE95C100F3B156 /* test01App.swift */,
				67CCAB3927FE95C100F3B156 /* ContentView.swift */,
				67CCAB3B27FE95C100F3B156 /* Assets.xcassets */,
				67CCAB4027FE95C100F3B156 /* Persistence.swift */,
				67CCAB4227FE95C100F3B156 /* test01.xcdatamodeld */,
				67CCAB3D27FE95C100F3B156 /* Preview Content */,
			);
			path = test01;
			sourceTree = "<group>";
		};
		67CCAB3D27FE95C100F3B156 /* Preview Content */ = {
			isa = PBXGroup;
			children = (
				67CCAB3E27FE95C100F3B156 /* Preview Assets.xcassets */,
			);
			path = "Preview Content";
			sourceTree = "<group>";
		};
		67CCAB4C27FE95C100F3B156 /* test01Tests */ = {
			isa = PBXGroup;
			children = (
				67CCAB4D27FE95C100F3B156 /* test01Tests.swift */,
			);
			path = test01Tests;
			sourceTree = "<group>";
		};
		67CCAB5627FE95C100F3B156 /* test01UITests */ = {
			isa = PBXGroup;
			children = (
				67CCAB5727FE95C100F3B156 /* test01UITests.swift */,
				67CCAB5927FE95C100F3B156 /* test01UITestsLaunchTests.swift */,
			);
			path = test01UITests;
			sourceTree = "<group>";
		};
/* End PBXGroup section */

/* Begin PBXNativeTarget section */
		67CCAB3327FE95C100F3B156 /* test01 */ = {
			isa = PBXNativeTarget;
			buildConfigurationList = 67CCAB5D27FE95C100F3B156 /* Build configuration list for PBXNativeTarget "test01" */;
			buildPhases = (
				67CCAB3027FE95C100F3B156 /* Sources */,
				67CCAB3127FE95C100F3B156 /* Frameworks */,
				67CCAB3227FE95C100F3B156 /* Resources */,
			);
			buildRules = (
			);
			dependencies = (
			);
			name = test01;
			productName = test01;
			productReference = 67CCAB3427FE95C100F3B156 /* test01.app */;
			productType = "com.apple.product-type.application";
		};
		67CCAB4827FE95C100F3B156 /* test01Tests */ = {
			isa = PBXNativeTarget;
			buildConfigurationList = 67CCAB6027FE95C100F3B156 /* Build configuration list for PBXNativeTarget "test01Tests" */;
			buildPhases = (
				67CCAB4527FE95C100F3B156 /* Sources */,
				67CCAB4627FE95C100F3B156 /* Frameworks */,
				67CCAB4727FE95C100F3B156 /* Resources */,
			);
			buildRules = (
			);
			dependencies = (
				67CCAB4B27FE95C100F3B156 /* PBXTargetDependency */,
			);
			name = test01Tests;
			productName = test01Tests;
			productReference = 67CCAB4927FE95C100F3B156 /* test01Tests.xctest */;
			productType = "com.apple.product-type.bundle.unit-test";
		};
		67CCAB5227FE95C100F3B156 /* test01UITests */ = {
			isa = PBXNativeTarget;
			buildConfigurationList = 67CCAB6327FE95C100F3B156 /* Build configuration list for PBXNativeTarget "test01UITests" */;
			buildPhases = (
				67CCAB4F27FE95C100F3B156 /* Sources */,
				67CCAB5027FE95C100F3B156 /* Frameworks */,
				67CCAB5127FE95C100F3B156 /* Resources */,
			);
			buildRules = (
			);
			dependencies = (
				67CCAB5527FE95C100F3B156 /* PBXTargetDependency */,
			);
			name = test01UITests;
			productName = test01UITests;
			productReference = 67CCAB5327FE95C100F3B156 /* test01UITests.xctest */;
			productType = "com.apple.product-type.bundle.ui-testing";
		};
/* End PBXNativeTarget section */

/* Begin PBXProject section */
		67CCAB2C27FE95C100F3B156 /* Project object */ = {
			isa = PBXProject;
			attributes = {
				BuildIndependentTargetsInParallel = 1;
				LastSwiftUpdateCheck = 1330;
				LastUpgradeCheck = 1330;
				TargetAttributes = {
					67CCAB3327FE95C100F3B156 = {
						CreatedOnToolsVersion = 13.3;
					};
					67CCAB4827FE95C100F3B156 = {
						CreatedOnToolsVersion = 13.3;
						TestTargetID = 67CCAB3327FE95C100F3B156;
					};
					67CCAB5227FE95C100F3B156 = {
						CreatedOnToolsVersion = 13.3;
						TestTargetID = 67CCAB3327FE95C100F3B156;
					};
				};
			};
			buildConfigurationList = 67CCAB2F27FE95C100F3B156 /* Build configuration list for PBXProject "test01" */;
			compatibilityVersion = "Xcode 13.0";
			developmentRegion = en;
			hasScannedForEncodings = 0;
			knownRegions = (
				en,
				Base,
			);
			mainGroup = 67CCAB2B27FE95C100F3B156;
			productRefGroup = 67CCAB3527FE95C100F3B156 /* Products */;
			projectDirPath = "";
			projectRoot = "";
			targets = (
				67CCAB3327FE95C100F3B156 /* test01 */,
				67CCAB4827FE95C100F3B156 /* test01Tests */,
				67CCAB5227FE95C100F3B156 /* test01UITests */,
			);
		};
/* End PBXProject section */

/* Begin PBXResourcesBuildPhase section */
		67CCAB3227FE95C100F3B156 /* Resources */ = {
			isa = PBXResourcesBuildPhase;
			buildActionMask = 2147483647;
			files = (
				67CCAB3F27FE95C100F3B156 /* Preview Assets.xcassets in Resources */,
				67CCAB3C27FE95C100F3B156 /* Assets.xcassets in Resources */,
			);
			runOnlyForDeploymentPostprocessing = 0;
		};
		67CCAB4727FE95C100F3B156 /* Resources */ = {
			isa = PBXResourcesBuildPhase;
			buildActionMask = 2147483647;
			files = (
			);
			runOnlyForDeploymentPostprocessing = 0;
		};
		67CCAB5127FE95C100F3B156 /* Resources */ = {
			isa = PBXResourcesBuildPhase;
			buildActionMask = 2147483647;
			files = (
			);
			runOnlyForDeploymentPostprocessing = 0;
		};
/* End PBXResourcesBuildPhase section */

/* Begin PBXSourcesBuildPhase section */
		67CCAB3027FE95C100F3B156 /* Sources */ = {
			isa = PBXSourcesBuildPhase;
			buildActionMask = 2147483647;
			files = (
				67CCAB4427FE95C100F3B156 /* test01.xcdatamodeld in Sources */,
				67CCAB4127FE95C100F3B156 /* Persistence.swift in Sources */,
				67CCAB3A27FE95C100F3B156 /* ContentView.swift in Sources */,
				67CCAB3827FE95C100F3B156 /* test01App.swift in Sources */,
			);
			runOnlyForDeploymentPostprocessing = 0;
		};
		67CCAB4527FE95C100F3B156 /* Sources */ = {
			isa = PBXSourcesBuildPhase;
			buildActionMask = 2147483647;
			files = (
				67CCAB4E27FE95C100F3B156 /* test01Tests.swift in Sources */,
			);
			runOnlyForDeploymentPostprocessing = 0;
		};
		67CCAB4F27FE95C100F3B156 /* Sources */ = {
			isa = PBXSourcesBuildPhase;
			buildActionMask = 2147483647;
			files = (
				67CCAB5827FE95C100F3B156 /* test01UITests.swift in Sources */,
				67CCAB5A27FE95C100F3B156 /* test01UITestsLaunchTests.swift in Sources */,
			);
			runOnlyForDeploymentPostprocessing = 0;
		};
/* End PBXSourcesBuildPhase section */

/* Begin PBXTargetDependency section */
		67CCAB4B27FE95C100F3B156 /* PBXTargetDependency */ = {
			isa = PBXTargetDependency;
			target = 67CCAB3327FE95C100F3B156 /* test01 */;
			targetProxy = 67CCAB4A27FE95C100F3B156 /* PBXContainerItemProxy */;
		};
		67CCAB5527FE95C100F3B156 /* PBXTargetDependency */ = {
			isa = PBXTargetDependency;
			target = 67CCAB3327FE95C100F3B156 /* test01 */;
			targetProxy = 67CCAB5427FE95C100F3B156 /* PBXContainerItemProxy */;
		};
/* End PBXTargetDependency section */

/* Begin XCBuildConfiguration section */
		67CCAB5B27FE95C100F3B156 /* Debug */ = {
			isa = XCBuildConfiguration;
			buildSettings = {
				ALWAYS_SEARCH_USER_PATHS = NO;
				CLANG_ANALYZER_NONNULL = YES;
				CLANG_ANALYZER_NUMBER_OBJECT_CONVERSION = YES_AGGRESSIVE;
				CLANG_CXX_LANGUAGE_STANDARD = "gnu++17";
				CLANG_ENABLE_MODULES = YES;
				CLANG_ENABLE_OBJC_ARC = YES;
				CLANG_ENABLE_OBJC_WEAK = YES;
				CLANG_WARN_BLOCK_CAPTURE_AUTORELEASING = YES;
				CLANG_WARN_BOOL_CONVERSION = YES;
				CLANG_WARN_COMMA = YES;
				CLANG_WARN_CONSTANT_CONVERSION = YES;
				CLANG_WARN_DEPRECATED_OBJC_IMPLEMENTATIONS = YES;
				CLANG_WARN_DIRECT_OBJC_ISA_USAGE = YES_ERROR;
				CLANG_WARN_DOCUMENTATION_COMMENTS = YES;
				CLANG_WARN_EMPTY_BODY = YES;
				CLANG_WARN_ENUM_CONVERSION = YES;
				CLANG_WARN_INFINITE_RECURSION = YES;
				CLANG_WARN_INT_CONVERSION = YES;
				CLANG_WARN_NON_LITERAL_NULL_CONVERSION = YES;
				CLANG_WARN_OBJC_IMPLICIT_RETAIN_SELF = YES;
				CLANG_WARN_OBJC_LITERAL_CONVERSION = YES;
				CLANG_WARN_OBJC_ROOT_CLASS = YES_ERROR;
				CLANG_WARN_QUOTED_INCLUDE_IN_FRAMEWORK_HEADER = YES;
				CLANG_WARN_RANGE_LOOP_ANALYSIS = YES;
				CLANG_WARN_STRICT_PROTOTYPES = YES;
				CLANG_WARN_SUSPICIOUS_MOVE = YES;
				CLANG_WARN_UNGUARDED_AVAILABILITY = YES_AGGRESSIVE;
				CLANG_WARN_UNREACHABLE_CODE = YES;
				CLANG_WARN__DUPLICATE_METHOD_MATCH = YES;
				COPY_PHASE_STRIP = NO;
				DEBUG_INFORMATION_FORMAT = dwarf;
				ENABLE_STRICT_OBJC_MSGSEND = YES;
				ENABLE_TESTABILITY = YES;
				GCC_C_LANGUAGE_STANDARD = gnu11;
				GCC_DYNAMIC_NO_PIC = NO;
				GCC_NO_COMMON_BLOCKS = YES;
				GCC_OPTIMIZATION_LEVEL = 0;
				GCC_PREPROCESSOR_DEFINITIONS = (
					"DEBUG=1",
					"$(inherited)",
				);
				GCC_WARN_64_TO_32_BIT_CONVERSION = YES;
				GCC_WARN_ABOUT_RETURN_TYPE = YES_ERROR;
				GCC_WARN_UNDECLARED_SELECTOR = YES;
				GCC_WARN_UNINITIALIZED_AUTOS = YES_AGGRESSIVE;
				GCC_WARN_UNUSED_FUNCTION = YES;
				GCC_WARN_UNUSED_VARIABLE = YES;
				IPHONEOS_DEPLOYMENT_TARGET = 15.4;
				MTL_ENABLE_DEBUG_INFO = INCLUDE_SOURCE;
				MTL_FAST_MATH = YES;
				ONLY_ACTIVE_ARCH = YES;
				SDKROOT = iphoneos;
				SWIFT_ACTIVE_COMPILATION_CONDITIONS = DEBUG;
				SWIFT_OPTIMIZATION_LEVEL = "-Onone";
			};
			name = Debug;
		};
		67CCAB5C27FE95C100F3B156 /* Release */ = {
			isa = XCBuildConfiguration;
			buildSettings = {
				ALWAYS_SEARCH_USER_PATHS = NO;
				CLANG_ANALYZER_NONNULL = YES;
				CLANG_ANALYZER_NUMBER_OBJECT_CONVERSION = YES_AGGRESSIVE;
				CLANG_CXX_LANGUAGE_STANDARD = "gnu++17";
				CLANG_ENABLE_MODULES = YES;
				CLANG_ENABLE_OBJC_ARC = YES;
				CLANG_ENABLE_OBJC_WEAK = YES;
				CLANG_WARN_BLOCK_CAPTURE_AUTORELEASING = YES;
				CLANG_WARN_BOOL_CONVERSION = YES;
				CLANG_WARN_COMMA = YES;
				CLANG_WARN_CONSTANT_CONVERSION = YES;
				CLANG_WARN_DEPRECATED_OBJC_IMPLEMENTATIONS = YES;
				CLANG_WARN_DIRECT_OBJC_ISA_USAGE = YES_ERROR;
				CLANG_WARN_DOCUMENTATION_COMMENTS = YES;
				CLANG_WARN_EMPTY_BODY = YES;
				CLANG_WARN_ENUM_CONVERSION = YES;
				CLANG_WARN_INFINITE_RECURSION = YES;
				CLANG_WARN_INT_CONVERSION = YES;
				CLANG_WARN_NON_LITERAL_NULL_CONVERSION = YES;
				CLANG_WARN_OBJC_IMPLICIT_RETAIN_SELF = YES;
				CLANG_WARN_OBJC_LITERAL_CONVERSION = YES;
				CLANG_WARN_OBJC_ROOT_CLASS = YES_ERROR;
				CLANG_WARN_QUOTED_INCLUDE_IN_FRAMEWORK_HEADER = YES;
				CLANG_WARN_RANGE_LOOP_ANALYSIS = YES;
				CLANG_WARN_STRICT_PROTOTYPES = YES;
				CLANG_WARN_SUSPICIOUS_MOVE = YES;
				CLANG_WARN_UNGUARDED_AVAILABILITY = YES_AGGRESSIVE;
				CLANG_WARN_UNREACHABLE_CODE = YES;
				CLANG_WARN__DUPLICATE_METHOD_MATCH = YES;
				COPY_PHASE_STRIP = NO;
				DEBUG_INFORMATION_FORMAT = "dwarf-with-dsym";
				ENABLE_NS_ASSERTIONS = NO;
				ENABLE_STRICT_OBJC_MSGSEND = YES;
				GCC_C_LANGUAGE_STANDARD = gnu11;
				GCC_NO_COMMON_BLOCKS = YES;
				GCC_WARN_64_TO_32_BIT_CONVERSION = YES;
				GCC_WARN_ABOUT_RETURN_TYPE = YES_ERROR;
				GCC_WARN_UNDECLARED_SELECTOR = YES;
				GCC_WARN_UNINITIALIZED_AUTOS = YES_AGGRESSIVE;
				GCC_WARN_UNUSED_FUNCTION = YES;
				GCC_WARN_UNUSED_VARIABLE = YES;
				IPHONEOS_DEPLOYMENT_TARGET = 15.4;
				MTL_ENABLE_DEBUG_INFO = NO;
				MTL_FAST_MATH = YES;
				SDKROOT = iphoneos;
				SWIFT_COMPILATION_MODE = wholemodule;
				SWIFT_OPTIMIZATION_LEVEL = "-O";
				VALIDATE_PRODUCT = YES;
			};
			name = Release;
		};
		67CCAB5E27FE95C100F3B156 /* Debug */ = {
			isa = XCBuildConfiguration;
			buildSettings = {
				ASSETCATALOG_COMPILER_APPICON_NAME = AppIcon;
				ASSETCATALOG_COMPILER_GLOBAL_ACCENT_COLOR_NAME = AccentColor;
				CODE_SIGN_STYLE = Automatic;
				CURRENT_PROJECT_VERSION = 1;
				DEVELOPMENT_ASSET_PATHS = "\"test01/Preview Content\"";
				DEVELOPMENT_TEAM = 47TRK2KUZR;
				ENABLE_PREVIEWS = YES;
				GENERATE_INFOPLIST_FILE = YES;
				INFOPLIST_KEY_UIApplicationSceneManifest_Generation = YES;
				INFOPLIST_KEY_UIApplicationSupportsIndirectInputEvents = YES;
				INFOPLIST_KEY_UILaunchScreen_Generation = YES;
				INFOPLIST_KEY_UISupportedInterfaceOrientations_iPad = "UIInterfaceOrientationPortrait UIInterfaceOrientationPortraitUpsideDown UIInterfaceOrientationLandscapeLeft UIInterfaceOrientationLandscapeRight";
				INFOPLIST_KEY_UISupportedInterfaceOrientations_iPhone = "UIInterfaceOrientationPortrait UIInterfaceOrientationLandscapeLeft UIInterfaceOrientationLandscapeRight";
				LD_RUNPATH_SEARCH_PATHS = (
					"$(inherited)",
					"@executable_path/Frameworks",
				);
				MARKETING_VERSION = 1.0;
				PRODUCT_BUNDLE_IDENTIFIER = a.test01;
				PRODUCT_NAME = "$(TARGET_NAME)";
				SWIFT_EMIT_LOC_STRINGS = YES;
				SWIFT_VERSION = 5.0;
				TARGETED_DEVICE_FAMILY = "1,2";
			};
			name = Debug;
		};
		67CCAB5F27FE95C100F3B156 /* Release */ = {
			isa = XCBuildConfiguration;
			buildSettings = {
				ASSETCATALOG_COMPILER_APPICON_NAME = AppIcon;
				ASSETCATALOG_COMPILER_GLOBAL_ACCENT_COLOR_NAME = AccentColor;
				CODE_SIGN_STYLE = Automatic;
				CURRENT_PROJECT_VERSION = 1;
				DEVELOPMENT_ASSET_PATHS = "\"test01/Preview Content\"";
				DEVELOPMENT_TEAM = 47TRK2KUZR;
				ENABLE_PREVIEWS = YES;
				GENERATE_INFOPLIST_FILE = YES;
				INFOPLIST_KEY_UIApplicationSceneManifest_Generation = YES;
				INFOPLIST_KEY_UIApplicationSupportsIndirectInputEvents = YES;
				INFOPLIST_KEY_UILaunchScreen_Generation = YES;
				INFOPLIST_KEY_UISupportedInterfaceOrientations_iPad = "UIInterfaceOrientationPortrait UIInterfaceOrientationPortraitUpsideDown UIInterfaceOrientationLandscapeLeft UIInterfaceOrientationLandscapeRight";
				INFOPLIST_KEY_UISupportedInterfaceOrientations_iPhone = "UIInterfaceOrientationPortrait UIInterfaceOrientationLandscapeLeft UIInterfaceOrientationLandscapeRight";
				LD_RUNPATH_SEARCH_PATHS = (
					"$(inherited)",
					"@executable_path/Frameworks",
				);
				MARKETING_VERSION = 1.0;
				PRODUCT_BUNDLE_IDENTIFIER = a.test01;
				PRODUCT_NAME = "$(TARGET_NAME)";
				SWIFT_EMIT_LOC_STRINGS = YES;
				SWIFT_VERSION = 5.0;
				TARGETED_DEVICE_FAMILY = "1,2";
			};
			name = Release;
		};
		67CCAB6127FE95C100F3B156 /* Debug */ = {
			isa = XCBuildConfiguration;
			buildSettings = {
				ALWAYS_EMBED_SWIFT_STANDARD_LIBRARIES = YES;
				BUNDLE_LOADER = "$(TEST_HOST)";
				CODE_SIGN_STYLE = Automatic;
				CURRENT_PROJECT_VERSION = 1;
				DEVELOPMENT_TEAM = 47TRK2KUZR;
				GENERATE_INFOPLIST_FILE = YES;
				IPHONEOS_DEPLOYMENT_TARGET = 15.4;
				MARKETING_VERSION = 1.0;
				PRODUCT_BUNDLE_IDENTIFIER = a.test01Tests;
				PRODUCT_NAME = "$(TARGET_NAME)";
				SWIFT_EMIT_LOC_STRINGS = NO;
				SWIFT_VERSION = 5.0;
				TARGETED_DEVICE_FAMILY = "1,2";
				TEST_HOST = "$(BUILT_PRODUCTS_DIR)/test01.app/test01";
			};
			name = Debug;
		};
		67CCAB6227FE95C100F3B156 /* Release */ = {
			isa = XCBuildConfiguration;
			buildSettings = {
				ALWAYS_EMBED_SWIFT_STANDARD_LIBRARIES = YES;
				BUNDLE_LOADER = "$(TEST_HOST)";
				CODE_SIGN_STYLE = Automatic;
				CURRENT_PROJECT_VERSION = 1;
				DEVELOPMENT_TEAM = 47TRK2KUZR;
				GENERATE_INFOPLIST_FILE = YES;
				IPHONEOS_DEPLOYMENT_TARGET = 15.4;
				MARKETING_VERSION = 1.0;
				PRODUCT_BUNDLE_IDENTIFIER = a.test01Tests;
				PRODUCT_NAME = "$(TARGET_NAME)";
				SWIFT_EMIT_LOC_STRINGS = NO;
				SWIFT_VERSION = 5.0;
				TARGETED_DEVICE_FAMILY = "1,2";
				TEST_HOST = "$(BUILT_PRODUCTS_DIR)/test01.app/test01";
			};
			name = Release;
		};
		67CCAB6427FE95C100F3B156 /* Debug */ = {
			isa = XCBuildConfiguration;
			buildSettings = {
				ALWAYS_EMBED_SWIFT_STANDARD_LIBRARIES = YES;
				CODE_SIGN_STYLE = Automatic;
				CURRENT_PROJECT_VERSION = 1;
				DEVELOPMENT_TEAM = 47TRK2KUZR;
				GENERATE_INFOPLIST_FILE = YES;
				MARKETING_VERSION = 1.0;
				PRODUCT_BUNDLE_IDENTIFIER = a.test01UITests;
				PRODUCT_NAME = "$(TARGET_NAME)";
				SWIFT_EMIT_LOC_STRINGS = NO;
				SWIFT_VERSION = 5.0;
				TARGETED_DEVICE_FAMILY = "1,2";
				TEST_TARGET_NAME = test01;
			};
			name = Debug;
		};
		67CCAB6527FE95C100F3B156 /* Release */ = {
			isa = XCBuildConfiguration;
			buildSettings = {
				ALWAYS_EMBED_SWIFT_STANDARD_LIBRARIES = YES;
				CODE_SIGN_STYLE = Automatic;
				CURRENT_PROJECT_VERSION = 1;
				DEVELOPMENT_TEAM = 47TRK2KUZR;
				GENERATE_INFOPLIST_FILE = YES;
				MARKETING_VERSION = 1.0;
				PRODUCT_BUNDLE_IDENTIFIER = a.test01UITests;
				PRODUCT_NAME = "$(TARGET_NAME)";
				SWIFT_EMIT_LOC_STRINGS = NO;
				SWIFT_VERSION = 5.0;
				TARGETED_DEVICE_FAMILY = "1,2";
				TEST_TARGET_NAME = test01;
			};
			name = Release;
		};
/* End XCBuildConfiguration section */

/* Begin XCConfigurationList section */
		67CCAB2F27FE95C100F3B156 /* Build configuration list for PBXProject "test01" */ = {
			isa = XCConfigurationList;
			buildConfigurations = (
				67CCAB5B27FE95C100F3B156 /* Debug */,
				67CCAB5C27FE95C100F3B156 /* Release */,
			);
			defaultConfigurationIsVisible = 0;
			defaultConfigurationName = Release;
		};
		67CCAB5D27FE95C100F3B156 /* Build configuration list for PBXNativeTarget "test01" */ = {
			isa = XCConfigurationList;
			buildConfigurations = (
				67CCAB5E27FE95C100F3B156 /* Debug */,
				67CCAB5F27FE95C100F3B156 /* Release */,
			);
			defaultConfigurationIsVisible = 0;
			defaultConfigurationName = Release;
		};
		67CCAB6027FE95C100F3B156 /* Build configuration list for PBXNativeTarget "test01Tests" */ = {
			isa = XCConfigurationList;
			buildConfigurations = (
				67CCAB6127FE95C100F3B156 /* Debug */,
				67CCAB6227FE95C100F3B156 /* Release */,
			);
			defaultConfigurationIsVisible = 0;
			defaultConfigurationName = Release;
		};
		67CCAB6327FE95C100F3B156 /* Build configuration list for PBXNativeTarget "test01UITests" */ = {
			isa = XCConfigurationList;
			buildConfigurations = (
				67CCAB6427FE95C100F3B156 /* Debug */,
				67CCAB6527FE95C100F3B156 /* Release */,
			);
			defaultConfigurationIsVisible = 0;
			defaultConfigurationName = Release;
		};
/* End XCConfigurationList section */

/* Begin XCVersionGroup section */
		67CCAB4227FE95C100F3B156 /* test01.xcdatamodeld */ = {
			isa = XCVersionGroup;
			children = (
				67CCAB4327FE95C100F3B156 /* test01.xcdatamodel */,
			);
			currentVersion = 67CCAB4327FE95C100F3B156 /* test01.xcdatamodel */;
			path = test01.xcdatamodeld;
			sourceTree = "<group>";
			versionGroupType = wrapper.xcdatamodel;
		};
/* End XCVersionGroup section */
	};
	rootObject = 67CCAB2C27FE95C100F3B156 /* Project object */;
}
